
Microsoft Visual Studio Solution File, Format Version 12.00
# Visual Studio Version 16
VisualStudioVersion = 16.0.32802.440
MinimumVisualStudioVersion = 10.0.40219.1
Project("{FAE04EC0-301F-11D3-BF4B-00C04F79EFBC}") = "Assignment2_StephenFolorunsho", "Assignment2_StephenFolorunsho\Assignment2_StephenFolorunsho.csproj", "{01302092-C6EE-4126-98B8-DA813B103687}"
EndProject
Global
	GlobalSection(SolutionConfigurationPlatforms) = preSolution
		Debug|Any CPU = Debug|Any CPU
		Release|Any CPU = Release|Any CPU
	EndGlobalSection
	GlobalSection(ProjectConfigurationPlatforms) = postSolution
		{01302092-C6EE-4126-98B8-DA813B103687}.Debug|Any CPU.ActiveCfg = Debug|Any CPU
		{01302092-C6EE-4126-98B8-DA813B103687}.Debug|Any CPU.Build.0 = Debug|Any CPU
		{01302092-C6EE-4126-98B8-DA813B103687}.Release|Any CPU.ActiveCfg = Release|Any CPU
		{01302092-C6EE-4126-98B8-DA813B103687}.Release|Any CPU.Build.0 = Release|Any CPU
	EndGlobalSection
	GlobalSection(SolutionProperties) = preSolution
		HideSolutionNode = FALSE
	EndGlobalSection
	GlobalSection(ExtensibilityGlobals) = postSolution
		SolutionGuid = {768423E9-199B-4651-93BA-4FE4AD7974BC}
	EndGlobalSection
EndGlobal
